# This file is automatically @generated by Poetry 1.8.2 and should not be changed by hand.

[[package]]
name = "termcolor"
version = "1.1.0"
description = "ANSII Color formatting for output in terminal."
optional = false
python-versions = "*"
files = [
    {file = "termcolor-1.1.0.tar.gz", hash = "sha256:1d6d69ce66211143803fbc56652b41d73b4a400a2891d7bf7a1cdf4c02de613b"},
]

[[package]]
name = "terminaltables"
version = "3.1.10"
description = "Generate simple tables in terminals from a nested list of strings."
optional = false
python-versions = ">=2.6"
files = [
    {file = "terminaltables-3.1.10-py2.py3-none-any.whl", hash = "sha256:e4fdc4179c9e4aab5f674d80f09d76fa436b96fdc698a8505e0a36bf0804a874"},
    {file = "terminaltables-3.1.10.tar.gz", hash = "sha256:ba6eca5cb5ba02bba4c9f4f985af80c54ec3dccf94cfcd190154386255e47543"},
]

[metadata]
lock-version = "2.0"
python-versions = "^3.8"
content-hash = "c36d3fe17995a3a38689ad990831c45979bc94ba00e581118dfaa4e7d36182a6"
